
Microsoft Visual Studio Solution File, Format Version 12.00
# Visual Studio Version 16
VisualStudioVersion = 16.0.31402.337
MinimumVisualStudioVersion = 10.0.40219.1
Project("{FAE04EC0-301F-11D3-BF4B-00C04F79EFBC}") = "BookList", "BookList\BookList.csproj", "{2BC1557D-B0E5-4F6B-9426-45A3E9AE68EE}"
EndProject
Global
	GlobalSection(SolutionConfigurationPlatforms) = preSolution
		Debug|Any CPU = Debug|Any CPU
		Release|Any CPU = Release|Any CPU
	EndGlobalSection
	GlobalSection(ProjectConfigurationPlatforms) = postSolution
		{2BC1557D-B0E5-4F6B-9426-45A3E9AE68EE}.Debug|Any CPU.ActiveCfg = Debug|Any CPU
		{2BC1557D-B0E5-4F6B-9426-45A3E9AE68EE}.Debug|Any CPU.Build.0 = Debug|Any CPU
		{2BC1557D-B0E5-4F6B-9426-45A3E9AE68EE}.Release|Any CPU.ActiveCfg = Release|Any CPU
		{2BC1557D-B0E5-4F6B-9426-45A3E9AE68EE}.Release|Any CPU.Build.0 = Release|Any CPU
	EndGlobalSection
	GlobalSection(SolutionProperties) = preSolution
		HideSolutionNode = FALSE
	EndGlobalSection
	GlobalSection(ExtensibilityGlobals) = postSolution
		SolutionGuid = {DCBD703B-7826-4B7B-8888-D0ED526A097E}
	EndGlobalSection
EndGlobal
